
Microsoft Visual Studio Solution File, Format Version 12.00
# Visual Studio Version 16
VisualStudioVersion = 16.0.30717.126
MinimumVisualStudioVersion = 10.0.40219.1
Project("{9A19103F-16F7-4668-BE54-9A1E7A4F7556}") = "NumberOrderingAPI", "NumberOrderingAPI\NumberOrderingAPI.csproj", "{0AD95E68-E818-438A-9706-BF1CDAD6A999}"
EndProject
Project("{FAE04EC0-301F-11D3-BF4B-00C04F79EFBC}") = "NumberOrderingAPI.Tests", "NumberOrderingAPI.Tests\NumberOrderingAPI.Tests.csproj", "{2F9AD392-1BB0-422E-83A0-7B22BB822E9A}"
EndProject
Global
	GlobalSection(SolutionConfigurationPlatforms) = preSolution
		Debug|Any CPU = Debug|Any CPU
		Release|Any CPU = Release|Any CPU
	EndGlobalSection
	GlobalSection(ProjectConfigurationPlatforms) = postSolution
		{0AD95E68-E818-438A-9706-BF1CDAD6A999}.Debug|Any CPU.ActiveCfg = Debug|Any CPU
		{0AD95E68-E818-438A-9706-BF1CDAD6A999}.Debug|Any CPU.Build.0 = Debug|Any CPU
		{0AD95E68-E818-438A-9706-BF1CDAD6A999}.Release|Any CPU.ActiveCfg = Release|Any CPU
		{0AD95E68-E818-438A-9706-BF1CDAD6A999}.Release|Any CPU.Build.0 = Release|Any CPU
		{2F9AD392-1BB0-422E-83A0-7B22BB822E9A}.Debug|Any CPU.ActiveCfg = Debug|Any CPU
		{2F9AD392-1BB0-422E-83A0-7B22BB822E9A}.Debug|Any CPU.Build.0 = Debug|Any CPU
		{2F9AD392-1BB0-422E-83A0-7B22BB822E9A}.Release|Any CPU.ActiveCfg = Release|Any CPU
		{2F9AD392-1BB0-422E-83A0-7B22BB822E9A}.Release|Any CPU.Build.0 = Release|Any CPU
	EndGlobalSection
	GlobalSection(SolutionProperties) = preSolution
		HideSolutionNode = FALSE
	EndGlobalSection
	GlobalSection(ExtensibilityGlobals) = postSolution
		SolutionGuid = {FEBBCB5A-FC9D-4E43-BC9F-7B8E27A3BEA3}
	EndGlobalSection
EndGlobal
